
Microsoft Visual Studio Solution File, Format Version 12.00
# Visual Studio Version 17
VisualStudioVersion = 17.1.32407.343
MinimumVisualStudioVersion = 10.0.40219.1
Project("{9A19103F-16F7-4668-BE54-9A1E7A4F7556}") = "AirportCalculateDistanceApi", "AirportCalculateDistanceApi.csproj", "{144710AF-C9F2-4759-A8EE-20022E6170D2}"
EndProject
Project("{2150E333-8FDC-42A3-9474-1A3956D46DE8}") = "src", "src", "{6349F9E9-D782-40CA-BA28-79937639A188}"
EndProject
Global
	GlobalSection(SolutionConfigurationPlatforms) = preSolution
		Debug|Any CPU = Debug|Any CPU
		Release|Any CPU = Release|Any CPU
	EndGlobalSection
	GlobalSection(ProjectConfigurationPlatforms) = postSolution
		{144710AF-C9F2-4759-A8EE-20022E6170D2}.Debug|Any CPU.ActiveCfg = Debug|Any CPU
		{144710AF-C9F2-4759-A8EE-20022E6170D2}.Debug|Any CPU.Build.0 = Debug|Any CPU
		{144710AF-C9F2-4759-A8EE-20022E6170D2}.Release|Any CPU.ActiveCfg = Release|Any CPU
		{144710AF-C9F2-4759-A8EE-20022E6170D2}.Release|Any CPU.Build.0 = Release|Any CPU
	EndGlobalSection
	GlobalSection(SolutionProperties) = preSolution
		HideSolutionNode = FALSE
	EndGlobalSection
	GlobalSection(NestedProjects) = preSolution
		{144710AF-C9F2-4759-A8EE-20022E6170D2} = {6349F9E9-D782-40CA-BA28-79937639A188}
	EndGlobalSection
	GlobalSection(ExtensibilityGlobals) = postSolution
		SolutionGuid = {3BD461EF-D7B5-4615-A473-EBAE0E16463C}
	EndGlobalSection
EndGlobal
